// !$*UTF8*$!
{
	archiveVersion = 1;
	classes = {
	};
	objectVersion = 55;
	objects = {

/* Begin PBXBuildFile section */
		8937C97627EC5F1F009C9E3F /* PasswordStatusView.swift in Sources */ = {isa = PBXBuildFile; fileRef = 8937C97527EC5F1F009C9E3F /* PasswordStatusView.swift */; };
		8994993927E08F2C0078AF18 /* PasswordTextField.swift in Sources */ = {isa = PBXBuildFile; fileRef = 8994993827E08F2C0078AF18 /* PasswordTextField.swift */; };
		89B4EED727E88F5B00D527B6 /* PasswordCriterialView.swift in Sources */ = {isa = PBXBuildFile; fileRef = 89B4EED627E88F5B00D527B6 /* PasswordCriterialView.swift */; };
		89B74CE927F754A80068E56E /* PasswordTextFieldDelegate.swift in Sources */ = {isa = PBXBuildFile; fileRef = 89B74CE827F754A80068E56E /* PasswordTextFieldDelegate.swift */; };
		89CC145127F5AAA9002BB267 /* PasswordCriteria.swift in Sources */ = {isa = PBXBuildFile; fileRef = 89CC145027F5AAA9002BB267 /* PasswordCriteria.swift */; };
		89CDE60A27DF4A5D009B8688 /* AppDelegate.swift in Sources */ = {isa = PBXBuildFile; fileRef = 89CDE60927DF4A5D009B8688 /* AppDelegate.swift */; };
		89CDE60C27DF4A5D009B8688 /* SceneDelegate.swift in Sources */ = {isa = PBXBuildFile; fileRef = 89CDE60B27DF4A5D009B8688 /* SceneDelegate.swift */; };
		89CDE60E27DF4A5D009B8688 /* ViewController.swift in Sources */ = {isa = PBXBuildFile; fileRef = 89CDE60D27DF4A5D009B8688 /* ViewController.swift */; };
		89CDE61327DF4A60009B8688 /* Assets.xcassets in Resources */ = {isa = PBXBuildFile; fileRef = 89CDE61227DF4A60009B8688 /* Assets.xcassets */; };
		89CDE61627DF4A60009B8688 /* LaunchScreen.storyboard in Resources */ = {isa = PBXBuildFile; fileRef = 89CDE61427DF4A60009B8688 /* LaunchScreen.storyboard */; };
/* End PBXBuildFile section */

/* Begin PBXFileReference section */
		8937C97527EC5F1F009C9E3F /* PasswordStatusView.swift */ = {isa = PBXFileReference; lastKnownFileType = sourcecode.swift; path = PasswordStatusView.swift; sourceTree = "<group>"; };
		8994993827E08F2C0078AF18 /* PasswordTextField.swift */ = {isa = PBXFileReference; lastKnownFileType = sourcecode.swift; path = PasswordTextField.swift; sourceTree = "<group>"; };
		89B4EED627E88F5B00D527B6 /* PasswordCriterialView.swift */ = {isa = PBXFileReference; lastKnownFileType = sourcecode.swift; path = PasswordCriterialView.swift; sourceTree = "<group>"; };
		89B74CE827F754A80068E56E /* PasswordTextFieldDelegate.swift */ = {isa = PBXFileReference; lastKnownFileType = sourcecode.swift; name = PasswordTextFieldDelegate.swift; path = Password/View/PasswordTextFieldDelegate.swift; sourceTree = SOURCE_ROOT; };
		89CC145027F5AAA9002BB267 /* PasswordCriteria.swift */ = {isa = PBXFileReference; lastKnownFileType = sourcecode.swift; path = PasswordCriteria.swift; sourceTree = "<group>"; };
		89CDE60627DF4A5D009B8688 /* Password.app */ = {isa = PBXFileReference; explicitFileType = wrapper.application; includeInIndex = 0; path = Password.app; sourceTree = BUILT_PRODUCTS_DIR; };
		89CDE60927DF4A5D009B8688 /* AppDelegate.swift */ = {isa = PBXFileReference; lastKnownFileType = sourcecode.swift; path = AppDelegate.swift; sourceTree = "<group>"; };
		89CDE60B27DF4A5D009B8688 /* SceneDelegate.swift */ = {isa = PBXFileReference; lastKnownFileType = sourcecode.swift; path = SceneDelegate.swift; sourceTree = "<group>"; };
		89CDE60D27DF4A5D009B8688 /* ViewController.swift */ = {isa = PBXFileReference; lastKnownFileType = sourcecode.swift; path = ViewController.swift; sourceTree = "<group>"; };
		89CDE61227DF4A60009B8688 /* Assets.xcassets */ = {isa = PBXFileReference; lastKnownFileType = folder.assetcatalog; path = Assets.xcassets; sourceTree = "<group>"; };
		89CDE61527DF4A60009B8688 /* Base */ = {isa = PBXFileReference; lastKnownFileType = file.storyboard; name = Base; path = Base.lproj/LaunchScreen.storyboard; sourceTree = "<group>"; };
		89CDE61727DF4A60009B8688 /* Info.plist */ = {isa = PBXFileReference; lastKnownFileType = text.plist.xml; path = Info.plist; sourceTree = "<group>"; };
		89CDE61D27DF4D2F009B8688 /* README.md */ = {isa = PBXFileReference; lastKnownFileType = net.daringfireball.markdown; path = README.md; sourceTree = "<group>"; };
/* End PBXFileReference section */

/* Begin PBXFrameworksBuildPhase section */
		89CDE60327DF4A5D009B8688 /* Frameworks */ = {
			isa = PBXFrameworksBuildPhase;
			buildActionMask = 2147483647;
			files = (
			);
			runOnlyForDeploymentPostprocessing = 0;
		};
/* End PBXFrameworksBuildPhase section */

/* Begin PBXGroup section */
		89B74CE427F7543C0068E56E /* View */ = {
			isa = PBXGroup;
			children = (
				8994993827E08F2C0078AF18 /* PasswordTextField.swift */,
				8937C97527EC5F1F009C9E3F /* PasswordStatusView.swift */,
				89B4EED627E88F5B00D527B6 /* PasswordCriterialView.swift */,
			);
			path = View;
			sourceTree = "<group>";
		};
		89B74CE527F754610068E56E /* Controller */ = {
			isa = PBXGroup;
			children = (
				89CDE60D27DF4A5D009B8688 /* ViewController.swift */,
			);
			path = Controller;
			sourceTree = "<group>";
		};
		89B74CE627F754710068E56E /* Model */ = {
			isa = PBXGroup;
			children = (
				89CC145027F5AAA9002BB267 /* PasswordCriteria.swift */,
			);
			path = Model;
			sourceTree = "<group>";
		};
		89B74CE727F7547C0068E56E /* Protocols */ = {
			isa = PBXGroup;
			children = (
				89B74CE827F754A80068E56E /* PasswordTextFieldDelegate.swift */,
			);
			path = Protocols;
			sourceTree = "<group>";
		};
		89CDE5FD27DF4A5D009B8688 = {
			isa = PBXGroup;
			children = (
				89CDE61D27DF4D2F009B8688 /* README.md */,
				89CDE60827DF4A5D009B8688 /* Password */,
				89CDE60727DF4A5D009B8688 /* Products */,
			);
			sourceTree = "<group>";
		};
		89CDE60727DF4A5D009B8688 /* Products */ = {
			isa = PBXGroup;
			children = (
				89CDE60627DF4A5D009B8688 /* Password.app */,
			);
			name = Products;
			sourceTree = "<group>";
		};
		89CDE60827DF4A5D009B8688 /* Password */ = {
			isa = PBXGroup;
			children = (
				89CDE61F27DF4D68009B8688 /* System */,
				89B74CE427F7543C0068E56E /* View */,
				89B74CE527F754610068E56E /* Controller */,
				89B74CE627F754710068E56E /* Model */,
				89B74CE727F7547C0068E56E /* Protocols */,
				89CDE61E27DF4D54009B8688 /* Files */,
			);
			path = Password;
			sourceTree = "<group>";
		};
		89CDE61E27DF4D54009B8688 /* Files */ = {
			isa = PBXGroup;
			children = (
				89CDE61227DF4A60009B8688 /* Assets.xcassets */,
				89CDE61427DF4A60009B8688 /* LaunchScreen.storyboard */,
				89CDE61727DF4A60009B8688 /* Info.plist */,
			);
			name = Files;
			sourceTree = "<group>";
		};
		89CDE61F27DF4D68009B8688 /* System */ = {
			isa = PBXGroup;
			children = (
				89CDE60927DF4A5D009B8688 /* AppDelegate.swift */,
				89CDE60B27DF4A5D009B8688 /* SceneDelegate.swift */,
			);
			path = System;
			sourceTree = "<group>";
		};
/* End PBXGroup section */

/* Begin PBXNativeTarget section */
		89CDE60527DF4A5D009B8688 /* Password */ = {
			isa = PBXNativeTarget;
			buildConfigurationList = 89CDE61A27DF4A60009B8688 /* Build configuration list for PBXNativeTarget "Password" */;
			buildPhases = (
				89CDE60227DF4A5D009B8688 /* Sources */,
				89CDE60327DF4A5D009B8688 /* Frameworks */,
				89CDE60427DF4A5D009B8688 /* Resources */,
			);
			buildRules = (
			);
			dependencies = (
			);
			name = Password;
			productName = Password;
			productReference = 89CDE60627DF4A5D009B8688 /* Password.app */;
			productType = "com.apple.product-type.application";
		};
/* End PBXNativeTarget section */

/* Begin PBXProject section */
		89CDE5FE27DF4A5D009B8688 /* Project object */ = {
			isa = PBXProject;
			attributes = {
				BuildIndependentTargetsInParallel = 1;
				LastSwiftUpdateCheck = 1320;
				LastUpgradeCheck = 1320;
				TargetAttributes = {
					89CDE60527DF4A5D009B8688 = {
						CreatedOnToolsVersion = 13.2.1;
					};
				};
			};
			buildConfigurationList = 89CDE60127DF4A5D009B8688 /* Build configuration list for PBXProject "Password" */;
			compatibilityVersion = "Xcode 13.0";
			developmentRegion = en;
			hasScannedForEncodings = 0;
			knownRegions = (
				en,
				Base,
			);
			mainGroup = 89CDE5FD27DF4A5D009B8688;
			productRefGroup = 89CDE60727DF4A5D009B8688 /* Products */;
			projectDirPath = "";
			projectRoot = "";
			targets = (
				89CDE60527DF4A5D009B8688 /* Password */,
			);
		};
/* End PBXProject section */

/* Begin PBXResourcesBuildPhase section */
		89CDE60427DF4A5D009B8688 /* Resources */ = {
			isa = PBXResourcesBuildPhase;
			buildActionMask = 2147483647;
			files = (
				89CDE61627DF4A60009B8688 /* LaunchScreen.storyboard in Resources */,
				89CDE61327DF4A60009B8688 /* Assets.xcassets in Resources */,
			);
			runOnlyForDeploymentPostprocessing = 0;
		};
/* End PBXResourcesBuildPhase section */

/* Begin PBXSourcesBuildPhase section */
		89CDE60227DF4A5D009B8688 /* Sources */ = {
			isa = PBXSourcesBuildPhase;
			buildActionMask = 2147483647;
			files = (
				89CDE60E27DF4A5D009B8688 /* ViewController.swift in Sources */,
				89B74CE927F754A80068E56E /* PasswordTextFieldDelegate.swift in Sources */,
				89CDE60A27DF4A5D009B8688 /* AppDelegate.swift in Sources */,
				8994993927E08F2C0078AF18 /* PasswordTextField.swift in Sources */,
				8937C97627EC5F1F009C9E3F /* PasswordStatusView.swift in Sources */,
				89B4EED727E88F5B00D527B6 /* PasswordCriterialView.swift in Sources */,
				89CC145127F5AAA9002BB267 /* PasswordCriteria.swift in Sources */,
				89CDE60C27DF4A5D009B8688 /* SceneDelegate.swift in Sources */,
			);
			runOnlyForDeploymentPostprocessing = 0;
		};
/* End PBXSourcesBuildPhase section */

/* Begin PBXVariantGroup section */
		89CDE61427DF4A60009B8688 /* LaunchScreen.storyboard */ = {
			isa = PBXVariantGroup;
			children = (
				89CDE61527DF4A60009B8688 /* Base */,
			);
			name = LaunchScreen.storyboard;
			sourceTree = "<group>";
		};
/* End PBXVariantGroup section */

/* Begin XCBuildConfiguration section */
		89CDE61827DF4A60009B8688 /* Debug */ = {
			isa = XCBuildConfiguration;
			buildSettings = {
				ALWAYS_SEARCH_USER_PATHS = NO;
				CLANG_ANALYZER_NONNULL = YES;
				CLANG_ANALYZER_NUMBER_OBJECT_CONVERSION = YES_AGGRESSIVE;
				CLANG_CXX_LANGUAGE_STANDARD = "gnu++17";
				CLANG_CXX_LIBRARY = "libc++";
				CLANG_ENABLE_MODULES = YES;
				CLANG_ENABLE_OBJC_ARC = YES;
				CLANG_ENABLE_OBJC_WEAK = YES;
				CLANG_WARN_BLOCK_CAPTURE_AUTORELEASING = YES;
				CLANG_WARN_BOOL_CONVERSION = YES;
				CLANG_WARN_COMMA = YES;
				CLANG_WARN_CONSTANT_CONVERSION = YES;
				CLANG_WARN_DEPRECATED_OBJC_IMPLEMENTATIONS = YES;
				CLANG_WARN_DIRECT_OBJC_ISA_USAGE = YES_ERROR;
				CLANG_WARN_DOCUMENTATION_COMMENTS = YES;
				CLANG_WARN_EMPTY_BODY = YES;
				CLANG_WARN_ENUM_CONVERSION = YES;
				CLANG_WARN_INFINITE_RECURSION = YES;
				CLANG_WARN_INT_CONVERSION = YES;
				CLANG_WARN_NON_LITERAL_NULL_CONVERSION = YES;
				CLANG_WARN_OBJC_IMPLICIT_RETAIN_SELF = YES;
				CLANG_WARN_OBJC_LITERAL_CONVERSION = YES;
				CLANG_WARN_OBJC_ROOT_CLASS = YES_ERROR;
				CLANG_WARN_QUOTED_INCLUDE_IN_FRAMEWORK_HEADER = YES;
				CLANG_WARN_RANGE_LOOP_ANALYSIS = YES;
				CLANG_WARN_STRICT_PROTOTYPES = YES;
				CLANG_WARN_SUSPICIOUS_MOVE = YES;
				CLANG_WARN_UNGUARDED_AVAILABILITY = YES_AGGRESSIVE;
				CLANG_WARN_UNREACHABLE_CODE = YES;
				CLANG_WARN__DUPLICATE_METHOD_MATCH = YES;
				COPY_PHASE_STRIP = NO;
				DEBUG_INFORMATION_FORMAT = dwarf;
				ENABLE_STRICT_OBJC_MSGSEND = YES;
				ENABLE_TESTABILITY = YES;
				GCC_C_LANGUAGE_STANDARD = gnu11;
				GCC_DYNAMIC_NO_PIC = NO;
				GCC_NO_COMMON_BLOCKS = YES;
				GCC_OPTIMIZATION_LEVEL = 0;
				GCC_PREPROCESSOR_DEFINITIONS = (
					"DEBUG=1",
					"$(inherited)",
				);
				GCC_WARN_64_TO_32_BIT_CONVERSION = YES;
				GCC_WARN_ABOUT_RETURN_TYPE = YES_ERROR;
				GCC_WARN_UNDECLARED_SELECTOR = YES;
				GCC_WARN_UNINITIALIZED_AUTOS = YES_AGGRESSIVE;
				GCC_WARN_UNUSED_FUNCTION = YES;
				GCC_WARN_UNUSED_VARIABLE = YES;
				IPHONEOS_DEPLOYMENT_TARGET = 15.2;
				MTL_ENABLE_DEBUG_INFO = INCLUDE_SOURCE;
				MTL_FAST_MATH = YES;
				ONLY_ACTIVE_ARCH = YES;
				SDKROOT = iphoneos;
				SWIFT_ACTIVE_COMPILATION_CONDITIONS = DEBUG;
				SWIFT_OPTIMIZATION_LEVEL = "-Onone";
			};
			name = Debug;
		};
		89CDE61927DF4A60009B8688 /* Release */ = {
			isa = XCBuildConfiguration;
			buildSettings = {
				ALWAYS_SEARCH_USER_PATHS = NO;
				CLANG_ANALYZER_NONNULL = YES;
				CLANG_ANALYZER_NUMBER_OBJECT_CONVERSION = YES_AGGRESSIVE;
				CLANG_CXX_LANGUAGE_STANDARD = "gnu++17";
				CLANG_CXX_LIBRARY = "libc++";
				CLANG_ENABLE_MODULES = YES;
				CLANG_ENABLE_OBJC_ARC = YES;
				CLANG_ENABLE_OBJC_WEAK = YES;
				CLANG_WARN_BLOCK_CAPTURE_AUTORELEASING = YES;
				CLANG_WARN_BOOL_CONVERSION = YES;
				CLANG_WARN_COMMA = YES;
				CLANG_WARN_CONSTANT_CONVERSION = YES;
				CLANG_WARN_DEPRECATED_OBJC_IMPLEMENTATIONS = YES;
				CLANG_WARN_DIRECT_OBJC_ISA_USAGE = YES_ERROR;
				CLANG_WARN_DOCUMENTATION_COMMENTS = YES;
				CLANG_WARN_EMPTY_BODY = YES;
				CLANG_WARN_ENUM_CONVERSION = YES;
				CLANG_WARN_INFINITE_RECURSION = YES;
				CLANG_WARN_INT_CONVERSION = YES;
				CLANG_WARN_NON_LITERAL_NULL_CONVERSION = YES;
				CLANG_WARN_OBJC_IMPLICIT_RETAIN_SELF = YES;
				CLANG_WARN_OBJC_LITERAL_CONVERSION = YES;
				CLANG_WARN_OBJC_ROOT_CLASS = YES_ERROR;
				CLANG_WARN_QUOTED_INCLUDE_IN_FRAMEWORK_HEADER = YES;
				CLANG_WARN_RANGE_LOOP_ANALYSIS = YES;
				CLANG_WARN_STRICT_PROTOTYPES = YES;
				CLANG_WARN_SUSPICIOUS_MOVE = YES;
				CLANG_WARN_UNGUARDED_AVAILABILITY = YES_AGGRESSIVE;
				CLANG_WARN_UNREACHABLE_CODE = YES;
				CLANG_WARN__DUPLICATE_METHOD_MATCH = YES;
				COPY_PHASE_STRIP = NO;
				DEBUG_INFORMATION_FORMAT = "dwarf-with-dsym";
				ENABLE_NS_ASSERTIONS = NO;
				ENABLE_STRICT_OBJC_MSGSEND = YES;
				GCC_C_LANGUAGE_STANDARD = gnu11;
				GCC_NO_COMMON_BLOCKS = YES;
				GCC_WARN_64_TO_32_BIT_CONVERSION = YES;
				GCC_WARN_ABOUT_RETURN_TYPE = YES_ERROR;
				GCC_WARN_UNDECLARED_SELECTOR = YES;
				GCC_WARN_UNINITIALIZED_AUTOS = YES_AGGRESSIVE;
				GCC_WARN_UNUSED_FUNCTION = YES;
				GCC_WARN_UNUSED_VARIABLE = YES;
				IPHONEOS_DEPLOYMENT_TARGET = 15.2;
				MTL_ENABLE_DEBUG_INFO = NO;
				MTL_FAST_MATH = YES;
				SDKROOT = iphoneos;
				SWIFT_COMPILATION_MODE = wholemodule;
				SWIFT_OPTIMIZATION_LEVEL = "-O";
				VALIDATE_PRODUCT = YES;
			};
			name = Release;
		};
		89CDE61B27DF4A60009B8688 /* Debug */ = {
			isa = XCBuildConfiguration;
			buildSettings = {
				ASSETCATALOG_COMPILER_APPICON_NAME = AppIcon;
				ASSETCATALOG_COMPILER_GLOBAL_ACCENT_COLOR_NAME = AccentColor;
				CODE_SIGN_STYLE = Automatic;
				CURRENT_PROJECT_VERSION = 1;
				DEVELOPMENT_TEAM = P5BAPBZ387;
				GENERATE_INFOPLIST_FILE = YES;
				INFOPLIST_FILE = Password/Info.plist;
				INFOPLIST_KEY_UIApplicationSupportsIndirectInputEvents = YES;
				INFOPLIST_KEY_UILaunchStoryboardName = LaunchScreen;
				INFOPLIST_KEY_UISupportedInterfaceOrientations_iPad = "UIInterfaceOrientationPortrait UIInterfaceOrientationPortraitUpsideDown UIInterfaceOrientationLandscapeLeft UIInterfaceOrientationLandscapeRight";
				INFOPLIST_KEY_UISupportedInterfaceOrientations_iPhone = "UIInterfaceOrientationPortrait UIInterfaceOrientationLandscapeLeft UIInterfaceOrientationLandscapeRight";
				LD_RUNPATH_SEARCH_PATHS = (
					"$(inherited)",
					"@executable_path/Frameworks",
				);
				MARKETING_VERSION = 1.0;
				PRODUCT_BUNDLE_IDENTIFIER = com.alexrozh.Password;
				PRODUCT_NAME = "$(TARGET_NAME)";
				SWIFT_EMIT_LOC_STRINGS = YES;
				SWIFT_VERSION = 5.0;
				TARGETED_DEVICE_FAMILY = "1,2";
			};
			name = Debug;
		};
		89CDE61C27DF4A60009B8688 /* Release */ = {
			isa = XCBuildConfiguration;
			buildSettings = {
				ASSETCATALOG_COMPILER_APPICON_NAME = AppIcon;
				ASSETCATALOG_COMPILER_GLOBAL_ACCENT_COLOR_NAME = AccentColor;
				CODE_SIGN_STYLE = Automatic;
				CURRENT_PROJECT_VERSION = 1;
				DEVELOPMENT_TEAM = P5BAPBZ387;
				GENERATE_INFOPLIST_FILE = YES;
				INFOPLIST_FILE = Password/Info.plist;
				INFOPLIST_KEY_UIApplicationSupportsIndirectInputEvents = YES;
				INFOPLIST_KEY_UILaunchStoryboardName = LaunchScreen;
				INFOPLIST_KEY_UISupportedInterfaceOrientations_iPad = "UIInterfaceOrientationPortrait UIInterfaceOrientationPortraitUpsideDown UIInterfaceOrientationLandscapeLeft UIInterfaceOrientationLandscapeRight";
				INFOPLIST_KEY_UISupportedInterfaceOrientations_iPhone = "UIInterfaceOrientationPortrait UIInterfaceOrientationLandscapeLeft UIInterfaceOrientationLandscapeRight";
				LD_RUNPATH_SEARCH_PATHS = (
					"$(inherited)",
					"@executable_path/Frameworks",
				);
				MARKETING_VERSION = 1.0;
				PRODUCT_BUNDLE_IDENTIFIER = com.alexrozh.Password;
				PRODUCT_NAME = "$(TARGET_NAME)";
				SWIFT_EMIT_LOC_STRINGS = YES;
				SWIFT_VERSION = 5.0;
				TARGETED_DEVICE_FAMILY = "1,2";
			};
			name = Release;
		};
/* End XCBuildConfiguration section */

/* Begin XCConfigurationList section */
		89CDE60127DF4A5D009B8688 /* Build configuration list for PBXProject "Password" */ = {
			isa = XCConfigurationList;
			buildConfigurations = (
				89CDE61827DF4A60009B8688 /* Debug */,
				89CDE61927DF4A60009B8688 /* Release */,
			);
			defaultConfigurationIsVisible = 0;
			defaultConfigurationName = Release;
		};
		89CDE61A27DF4A60009B8688 /* Build configuration list for PBXNativeTarget "Password" */ = {
			isa = XCConfigurationList;
			buildConfigurations = (
				89CDE61B27DF4A60009B8688 /* Debug */,
				89CDE61C27DF4A60009B8688 /* Release */,
			);
			defaultConfigurationIsVisible = 0;
			defaultConfigurationName = Release;
		};
/* End XCConfigurationList section */
	};
	rootObject = 89CDE5FE27DF4A5D009B8688 /* Project object */;
}
